PODS:
  - Alamofire (5.5.0)
  - Kingfisher (5.15.8):
    - Kingfisher/Core (= 5.15.8)
  - Kingfisher/Core (5.15.8)
  - Moya/Core (15.0.0):
    - Alamofire (~> 5.0)
  - Moya/RxSwift (15.0.0):
    - Moya/Core
    - RxSwift (~> 6.0)
  - Reusable (4.1.2):
    - Reusable/Storyboard (= 4.1.2)
    - Reusable/View (= 4.1.2)
  - Reusable/Storyboard (4.1.2)
  - Reusable/View (4.1.2)
  - RxCocoa (6.2.0):
    - RxRelay (= 6.2.0)
    - RxSwift (= 6.2.0)
  - RxFlow (2.12.4):
    - RxCocoa (>= 6.0.0)
    - RxSwift (>= 6.0.0)
  - RxKingfisher (2.1.0):
    - Kingfisher (~> 5)
    - RxCocoa (~> 6)
    - RxSwift (~> 6)
  - RxRelay (6.2.0):
    - RxSwift (= 6.2.0)
  - RxSwift (6.2.0)

DEPENDENCIES:
  - Moya/RxSwift (~> 15.0)
  - Reusable (~> 4.1)
  - RxCocoa (= 6.2)
  - RxFlow (~> 2.12)
  - RxKingfisher (~> 2.1)
  - RxSwift (= 6.2)

SPEC REPOS:
  trunk:
    - Alamofire
    - Kingfisher
    - Moya
    - Reusable
    - RxCocoa
    - RxFlow
    - RxKingfisher
    - RxRelay
    - RxSwift

SPEC CHECKSUMS:
  Alamofire: 1c4fb5369c3fe93d2857c780d8bbe09f06f97e7c
  Kingfisher: a3c03d702433fa6cfedabb2bddbe076fb8f2e902
  Moya: 138f0573e53411fb3dc17016add0b748dfbd78ee
  Reusable: 6bae6a5e8aa793c9c441db0213c863a64bce9136
  RxCocoa: 4baf94bb35f2c0ab31bc0cb9f1900155f646ba42
  RxFlow: 03a73c83fb8f183107074b40ab2544c668583f73
  RxKingfisher: a602fbf8751d756a7cc6190ddfedc2ce0d301377
  RxRelay: e72dbfd157807478401ef1982e1c61c945c94b2f
  RxSwift: d356ab7bee873611322f134c5f9ef379fa183d8f

PODFILE CHECKSUM: 255a192db7041ba40202c434c90f4191f093870a

COCOAPODS: 1.11.2
